
Microsoft Visual Studio Solution File, Format Version 12.00
# Visual Studio Version 18
VisualStudioVersion = 18.0.11201.2
MinimumVisualStudioVersion = 10.0.40219.1
Project("{FAE04EC0-301F-11D3-BF4B-00C04F79EFBC}") = "TAG.Networking.DockerRegistry", "TAG.Networking.DockerRegistry\TAG.Networking.DockerRegistry.csproj", "{94B70BAE-A8AF-4207-BED0-6C5D68041082}"
EndProject
Project("{FAE04EC0-301F-11D3-BF4B-00C04F79EFBC}") = "TAG.Service.DockerRegistry", "TAG.Service.DockerRegistry\TAG.Service.DockerRegistry.csproj", "{C0E0FD09-638B-4FEC-B90D-CAC70739DFF4}"
EndProject
Global
	GlobalSection(SolutionConfigurationPlatforms) = preSolution
		Debug|Any CPU = Debug|Any CPU
		Release|Any CPU = Release|Any CPU
	EndGlobalSection
	GlobalSection(ProjectConfigurationPlatforms) = postSolution
		{94B70BAE-A8AF-4207-BED0-6C5D68041082}.Debug|Any CPU.ActiveCfg = Debug|Any CPU
		{94B70BAE-A8AF-4207-BED0-6C5D68041082}.Debug|Any CPU.Build.0 = Debug|Any CPU
		{94B70BAE-A8AF-4207-BED0-6C5D68041082}.Release|Any CPU.ActiveCfg = Release|Any CPU
		{94B70BAE-A8AF-4207-BED0-6C5D68041082}.Release|Any CPU.Build.0 = Release|Any CPU
		{C0E0FD09-638B-4FEC-B90D-CAC70739DFF4}.Debug|Any CPU.ActiveCfg = Debug|Any CPU
		{C0E0FD09-638B-4FEC-B90D-CAC70739DFF4}.Debug|Any CPU.Build.0 = Debug|Any CPU
		{C0E0FD09-638B-4FEC-B90D-CAC70739DFF4}.Release|Any CPU.ActiveCfg = Release|Any CPU
		{C0E0FD09-638B-4FEC-B90D-CAC70739DFF4}.Release|Any CPU.Build.0 = Release|Any CPU
	EndGlobalSection
	GlobalSection(SolutionProperties) = preSolution
		HideSolutionNode = FALSE
	EndGlobalSection
	GlobalSection(ExtensibilityGlobals) = postSolution
		SolutionGuid = {8CCE2A71-6B95-4C5B-B8B0-1A164D65D9F0}
	EndGlobalSection
EndGlobal
